// !$*UTF8*$!
{
	archiveVersion = 1;
	classes = {
	};
	objectVersion = 46;
	objects = {

/* Begin PBXBuildFile section */
		0435D45C1D92835200FCEF3E /* main.m in Sources */ = {isa = PBXBuildFile; fileRef = 0435D45B1D92835200FCEF3E /* main.m */; };
		0435D45F1D92835300FCEF3E /* AppDelegate.m in Sources */ = {isa = PBXBuildFile; fileRef = 0435D45E1D92835300FCEF3E /* AppDelegate.m */; };
		0435D4671D92835500FCEF3E /* Assets.xcassets in Resources */ = {isa = PBXBuildFile; fileRef = 0435D4661D92835500FCEF3E /* Assets.xcassets */; };
		0435D46A1D92835500FCEF3E /* LaunchScreen.storyboard in Resources */ = {isa = PBXBuildFile; fileRef = 0435D4681D92835500FCEF3E /* LaunchScreen.storyboard */; };
		0435D47B1D92882500FCEF3E /* RWTRefreshView.m in Sources */ = {isa = PBXBuildFile; fileRef = 0435D47A1D92882500FCEF3E /* RWTRefreshView.m */; };
		0435D47F1D929E7E00FCEF3E /* RWTRefreshingTableViewController.m in Sources */ = {isa = PBXBuildFile; fileRef = 0435D47D1D929E7E00FCEF3E /* RWTRefreshingTableViewController.m */; };
		0435D4801D929E7E00FCEF3E /* RWTRefreshingTableViewController.xib in Resources */ = {isa = PBXBuildFile; fileRef = 0435D47E1D929E7E00FCEF3E /* RWTRefreshingTableViewController.xib */; };
		0461555F1D93BFFE003003D8 /* RWTRefreshItem.m in Sources */ = {isa = PBXBuildFile; fileRef = 0461555E1D93BFFE003003D8 /* RWTRefreshItem.m */; };
/* End PBXBuildFile section */

/* Begin PBXFileReference section */
		0435D4571D92835200FCEF3E /* MyPullToRefresh.app */ = {isa = PBXFileReference; explicitFileType = wrapper.application; includeInIndex = 0; path = MyPullToRefresh.app; sourceTree = BUILT_PRODUCTS_DIR; };
		0435D45B1D92835200FCEF3E /* main.m */ = {isa = PBXFileReference; lastKnownFileType = sourcecode.c.objc; path = main.m; sourceTree = "<group>"; };
		0435D45D1D92835300FCEF3E /* AppDelegate.h */ = {isa = PBXFileReference; lastKnownFileType = sourcecode.c.h; path = AppDelegate.h; sourceTree = "<group>"; };
		0435D45E1D92835300FCEF3E /* AppDelegate.m */ = {isa = PBXFileReference; lastKnownFileType = sourcecode.c.objc; path = AppDelegate.m; sourceTree = "<group>"; };
		0435D4661D92835500FCEF3E /* Assets.xcassets */ = {isa = PBXFileReference; lastKnownFileType = folder.assetcatalog; path = Assets.xcassets; sourceTree = "<group>"; };
		0435D4691D92835500FCEF3E /* Base */ = {isa = PBXFileReference; lastKnownFileType = file.storyboard; name = Base; path = Base.lproj/LaunchScreen.storyboard; sourceTree = "<group>"; };
		0435D46B1D92835500FCEF3E /* Info.plist */ = {isa = PBXFileReference; lastKnownFileType = text.plist.xml; path = Info.plist; sourceTree = "<group>"; };
		0435D4791D92882500FCEF3E /* RWTRefreshView.h */ = {isa = PBXFileReference; fileEncoding = 4; lastKnownFileType = sourcecode.c.h; path = RWTRefreshView.h; sourceTree = "<group>"; };
		0435D47A1D92882500FCEF3E /* RWTRefreshView.m */ = {isa = PBXFileReference; fileEncoding = 4; lastKnownFileType = sourcecode.c.objc; path = RWTRefreshView.m; sourceTree = "<group>"; };
		0435D47C1D929E7E00FCEF3E /* RWTRefreshingTableViewController.h */ = {isa = PBXFileReference; fileEncoding = 4; lastKnownFileType = sourcecode.c.h; path = RWTRefreshingTableViewController.h; sourceTree = "<group>"; };
		0435D47D1D929E7E00FCEF3E /* RWTRefreshingTableViewController.m */ = {isa = PBXFileReference; fileEncoding = 4; lastKnownFileType = sourcecode.c.objc; path = RWTRefreshingTableViewController.m; sourceTree = "<group>"; };
		0435D47E1D929E7E00FCEF3E /* RWTRefreshingTableViewController.xib */ = {isa = PBXFileReference; fileEncoding = 4; lastKnownFileType = file.xib; path = RWTRefreshingTableViewController.xib; sourceTree = "<group>"; };
		0461555D1D93BFFE003003D8 /* RWTRefreshItem.h */ = {isa = PBXFileReference; fileEncoding = 4; lastKnownFileType = sourcecode.c.h; path = RWTRefreshItem.h; sourceTree = "<group>"; };
		0461555E1D93BFFE003003D8 /* RWTRefreshItem.m */ = {isa = PBXFileReference; fileEncoding = 4; lastKnownFileType = sourcecode.c.objc; path = RWTRefreshItem.m; sourceTree = "<group>"; };
/* End PBXFileReference section */

/* Begin PBXFrameworksBuildPhase section */
		0435D4541D92835200FCEF3E /* Frameworks */ = {
			isa = PBXFrameworksBuildPhase;
			buildActionMask = 2147483647;
			files = (
			);
			runOnlyForDeploymentPostprocessing = 0;
		};
/* End PBXFrameworksBuildPhase section */

/* Begin PBXGroup section */
		0435D44E1D92835100FCEF3E = {
			isa = PBXGroup;
			children = (
				0435D4591D92835200FCEF3E /* MyPullToRefresh */,
				0435D4581D92835200FCEF3E /* Products */,
			);
			sourceTree = "<group>";
		};
		0435D4581D92835200FCEF3E /* Products */ = {
			isa = PBXGroup;
			children = (
				0435D4571D92835200FCEF3E /* MyPullToRefresh.app */,
			);
			name = Products;
			sourceTree = "<group>";
		};
		0435D4591D92835200FCEF3E /* MyPullToRefresh */ = {
			isa = PBXGroup;
			children = (
				0435D45D1D92835300FCEF3E /* AppDelegate.h */,
				0435D45E1D92835300FCEF3E /* AppDelegate.m */,
				0435D47C1D929E7E00FCEF3E /* RWTRefreshingTableViewController.h */,
				0435D47D1D929E7E00FCEF3E /* RWTRefreshingTableViewController.m */,
				0435D47E1D929E7E00FCEF3E /* RWTRefreshingTableViewController.xib */,
				0435D4791D92882500FCEF3E /* RWTRefreshView.h */,
				0435D47A1D92882500FCEF3E /* RWTRefreshView.m */,
				0461555D1D93BFFE003003D8 /* RWTRefreshItem.h */,
				0461555E1D93BFFE003003D8 /* RWTRefreshItem.m */,
				0435D4661D92835500FCEF3E /* Assets.xcassets */,
				0435D4681D92835500FCEF3E /* LaunchScreen.storyboard */,
				0435D46B1D92835500FCEF3E /* Info.plist */,
				0435D45A1D92835200FCEF3E /* Supporting Files */,
			);
			path = MyPullToRefresh;
			sourceTree = "<group>";
		};
		0435D45A1D92835200FCEF3E /* Supporting Files */ = {
			isa = PBXGroup;
			children = (
				0435D45B1D92835200FCEF3E /* main.m */,
			);
			name = "Supporting Files";
			sourceTree = "<group>";
		};
/* End PBXGroup section */

/* Begin PBXNativeTarget section */
		0435D4561D92835200FCEF3E /* MyPullToRefresh */ = {
			isa = PBXNativeTarget;
			buildConfigurationList = 0435D46E1D92835500FCEF3E /* Build configuration list for PBXNativeTarget "MyPullToRefresh" */;
			buildPhases = (
				0435D4531D92835200FCEF3E /* Sources */,
				0435D4541D92835200FCEF3E /* Frameworks */,
				0435D4551D92835200FCEF3E /* Resources */,
			);
			buildRules = (
			);
			dependencies = (
			);
			name = MyPullToRefresh;
			productName = MyPullToRefresh;
			productReference = 0435D4571D92835200FCEF3E /* MyPullToRefresh.app */;
			productType = "com.apple.product-type.application";
		};
/* End PBXNativeTarget section */

/* Begin PBXProject section */
		0435D44F1D92835100FCEF3E /* Project object */ = {
			isa = PBXProject;
			attributes = {
				LastUpgradeCheck = 0800;
				ORGANIZATIONNAME = chang;
				TargetAttributes = {
					0435D4561D92835200FCEF3E = {
						CreatedOnToolsVersion = 8.0;
						ProvisioningStyle = Automatic;
					};
				};
			};
			buildConfigurationList = 0435D4521D92835100FCEF3E /* Build configuration list for PBXProject "MyPullToRefresh" */;
			compatibilityVersion = "Xcode 3.2";
			developmentRegion = English;
			hasScannedForEncodings = 0;
			knownRegions = (
				en,
				Base,
			);
			mainGroup = 0435D44E1D92835100FCEF3E;
			productRefGroup = 0435D4581D92835200FCEF3E /* Products */;
			projectDirPath = "";
			projectRoot = "";
			targets = (
				0435D4561D92835200FCEF3E /* MyPullToRefresh */,
			);
		};
/* End PBXProject section */

/* Begin PBXResourcesBuildPhase section */
		0435D4551D92835200FCEF3E /* Resources */ = {
			isa = PBXResourcesBuildPhase;
			buildActionMask = 2147483647;
			files = (
				0435D46A1D92835500FCEF3E /* LaunchScreen.storyboard in Resources */,
				0435D4801D929E7E00FCEF3E /* RWTRefreshingTableViewController.xib in Resources */,
				0435D4671D92835500FCEF3E /* Assets.xcassets in Resources */,
			);
			runOnlyForDeploymentPostprocessing = 0;
		};
/* End PBXResourcesBuildPhase section */

/* Begin PBXSourcesBuildPhase section */
		0435D4531D92835200FCEF3E /* Sources */ = {
			isa = PBXSourcesBuildPhase;
			buildActionMask = 2147483647;
			files = (
				0435D45F1D92835300FCEF3E /* AppDelegate.m in Sources */,
				0461555F1D93BFFE003003D8 /* RWTRefreshItem.m in Sources */,
				0435D47B1D92882500FCEF3E /* RWTRefreshView.m in Sources */,
				0435D47F1D929E7E00FCEF3E /* RWTRefreshingTableViewController.m in Sources */,
				0435D45C1D92835200FCEF3E /* main.m in Sources */,
			);
			runOnlyForDeploymentPostprocessing = 0;
		};
/* End PBXSourcesBuildPhase section */

/* Begin PBXVariantGroup section */
		0435D4681D92835500FCEF3E /* LaunchScreen.storyboard */ = {
			isa = PBXVariantGroup;
			children = (
				0435D4691D92835500FCEF3E /* Base */,
			);
			name = LaunchScreen.storyboard;
			sourceTree = "<group>";
		};
/* End PBXVariantGroup section */

/* Begin XCBuildConfiguration section */
		0435D46C1D92835500FCEF3E /* Debug */ = {
			isa = XCBuildConfiguration;
			buildSettings = {
				ALWAYS_SEARCH_USER_PATHS = NO;
				CLANG_ANALYZER_NONNULL = YES;
				CLANG_CXX_LANGUAGE_STANDARD = "gnu++0x";
				CLANG_CXX_LIBRARY = "libc++";
				CLANG_ENABLE_MODULES = YES;
				CLANG_ENABLE_OBJC_ARC = YES;
				CLANG_WARN_BOOL_CONVERSION = YES;
				CLANG_WARN_CONSTANT_CONVERSION = YES;
				CLANG_WARN_DIRECT_OBJC_ISA_USAGE = YES_ERROR;
				CLANG_WARN_DOCUMENTATION_COMMENTS = YES;
				CLANG_WARN_EMPTY_BODY = YES;
				CLANG_WARN_ENUM_CONVERSION = YES;
				CLANG_WARN_INFINITE_RECURSION = YES;
				CLANG_WARN_INT_CONVERSION = YES;
				CLANG_WARN_OBJC_ROOT_CLASS = YES_ERROR;
				CLANG_WARN_SUSPICIOUS_MOVES = YES;
				CLANG_WARN_UNREACHABLE_CODE = YES;
				CLANG_WARN__DUPLICATE_METHOD_MATCH = YES;
				"CODE_SIGN_IDENTITY[sdk=iphoneos*]" = "iPhone Developer";
				COPY_PHASE_STRIP = NO;
				DEBUG_INFORMATION_FORMAT = dwarf;
				ENABLE_STRICT_OBJC_MSGSEND = YES;
				ENABLE_TESTABILITY = YES;
				GCC_C_LANGUAGE_STANDARD = gnu99;
				GCC_DYNAMIC_NO_PIC = NO;
				GCC_NO_COMMON_BLOCKS = YES;
				GCC_OPTIMIZATION_LEVEL = 0;
				GCC_PREPROCESSOR_DEFINITIONS = (
					"DEBUG=1",
					"$(inherited)",
				);
				GCC_WARN_64_TO_32_BIT_CONVERSION = YES;
				GCC_WARN_ABOUT_RETURN_TYPE = YES_ERROR;
				GCC_WARN_UNDECLARED_SELECTOR = YES;
				GCC_WARN_UNINITIALIZED_AUTOS = YES_AGGRESSIVE;
				GCC_WARN_UNUSED_FUNCTION = YES;
				GCC_WARN_UNUSED_VARIABLE = YES;
				IPHONEOS_DEPLOYMENT_TARGET = 10.0;
				MTL_ENABLE_DEBUG_INFO = YES;
				ONLY_ACTIVE_ARCH = YES;
				SDKROOT = iphoneos;
			};
			name = Debug;
		};
		0435D46D1D92835500FCEF3E /* Release */ = {
			isa = XCBuildConfiguration;
			buildSettings = {
				ALWAYS_SEARCH_USER_PATHS = NO;
				CLANG_ANALYZER_NONNULL = YES;
				CLANG_CXX_LANGUAGE_STANDARD = "gnu++0x";
				CLANG_CXX_LIBRARY = "libc++";
				CLANG_ENABLE_MODULES = YES;
				CLANG_ENABLE_OBJC_ARC = YES;
				CLANG_WARN_BOOL_CONVERSION = YES;
				CLANG_WARN_CONSTANT_CONVERSION = YES;
				CLANG_WARN_DIRECT_OBJC_ISA_USAGE = YES_ERROR;
				CLANG_WARN_DOCUMENTATION_COMMENTS = YES;
				CLANG_WARN_EMPTY_BODY = YES;
				CLANG_WARN_ENUM_CONVERSION = YES;
				CLANG_WARN_INFINITE_RECURSION = YES;
				CLANG_WARN_INT_CONVERSION = YES;
				CLANG_WARN_OBJC_ROOT_CLASS = YES_ERROR;
				CLANG_WARN_SUSPICIOUS_MOVES = YES;
				CLANG_WARN_UNREACHABLE_CODE = YES;
				CLANG_WARN__DUPLICATE_METHOD_MATCH = YES;
				"CODE_SIGN_IDENTITY[sdk=iphoneos*]" = "iPhone Developer";
				COPY_PHASE_STRIP = NO;
				DEBUG_INFORMATION_FORMAT = "dwarf-with-dsym";
				ENABLE_NS_ASSERTIONS = NO;
				ENABLE_STRICT_OBJC_MSGSEND = YES;
				GCC_C_LANGUAGE_STANDARD = gnu99;
				GCC_NO_COMMON_BLOCKS = YES;
				GCC_WARN_64_TO_32_BIT_CONVERSION = YES;
				GCC_WARN_ABOUT_RETURN_TYPE = YES_ERROR;
				GCC_WARN_UNDECLARED_SELECTOR = YES;
				GCC_WARN_UNINITIALIZED_AUTOS = YES_AGGRESSIVE;
				GCC_WARN_UNUSED_FUNCTION = YES;
				GCC_WARN_UNUSED_VARIABLE = YES;
				IPHONEOS_DEPLOYMENT_TARGET = 10.0;
				MTL_ENABLE_DEBUG_INFO = NO;
				SDKROOT = iphoneos;
				VALIDATE_PRODUCT = YES;
			};
			name = Release;
		};
		0435D46F1D92835500FCEF3E /* Debug */ = {
			isa = XCBuildConfiguration;
			buildSettings = {
				ASSETCATALOG_COMPILER_APPICON_NAME = AppIcon;
				INFOPLIST_FILE = MyPullToRefresh/Info.plist;
				LD_RUNPATH_SEARCH_PATHS = "$(inherited) @executable_path/Frameworks";
				PRODUCT_BUNDLE_IDENTIFIER = com.Joeychang.ios.MyPullToRefresh;
				PRODUCT_NAME = "$(TARGET_NAME)";
			};
			name = Debug;
		};
		0435D4701D92835500FCEF3E /* Release */ = {
			isa = XCBuildConfiguration;
			buildSettings = {
				ASSETCATALOG_COMPILER_APPICON_NAME = AppIcon;
				INFOPLIST_FILE = MyPullToRefresh/Info.plist;
				LD_RUNPATH_SEARCH_PATHS = "$(inherited) @executable_path/Frameworks";
				PRODUCT_BUNDLE_IDENTIFIER = com.Joeychang.ios.MyPullToRefresh;
				PRODUCT_NAME = "$(TARGET_NAME)";
			};
			name = Release;
		};
/* End XCBuildConfiguration section */

/* Begin XCConfigurationList section */
		0435D4521D92835100FCEF3E /* Build configuration list for PBXProject "MyPullToRefresh" */ = {
			isa = XCConfigurationList;
			buildConfigurations = (
				0435D46C1D92835500FCEF3E /* Debug */,
				0435D46D1D92835500FCEF3E /* Release */,
			);
			defaultConfigurationIsVisible = 0;
			defaultConfigurationName = Release;
		};
		0435D46E1D92835500FCEF3E /* Build configuration list for PBXNativeTarget "MyPullToRefresh" */ = {
			isa = XCConfigurationList;
			buildConfigurations = (
				0435D46F1D92835500FCEF3E /* Debug */,
				0435D4701D92835500FCEF3E /* Release */,
			);
			defaultConfigurationIsVisible = 0;
			defaultConfigurationName = Release;
		};
/* End XCConfigurationList section */
	};
	rootObject = 0435D44F1D92835100FCEF3E /* Project object */;
}
